
Microsoft Visual Studio Solution File, Format Version 12.00
# Visual Studio Version 17
VisualStudioVersion = 17.2.32630.192
MinimumVisualStudioVersion = 10.0.40219.1
Project("{9A19103F-16F7-4668-BE54-9A1E7A4F7556}") = "WebApiSample", "WebApiSample\WebApiSample.csproj", "{A0702AA9-0E7F-4419-8070-3C9D150BDABE}"
EndProject
Project("{E53339B2-1760-4266-BCC7-CA923CBCF16C}") = "docker-compose", "docker-compose.dcproj", "{7EF99B78-0E2F-48DB-A50C-56C37ED26300}"
EndProject
Global
	GlobalSection(SolutionConfigurationPlatforms) = preSolution
		Debug|Any CPU = Debug|Any CPU
		Release|Any CPU = Release|Any CPU
	EndGlobalSection
	GlobalSection(ProjectConfigurationPlatforms) = postSolution
		{A0702AA9-0E7F-4419-8070-3C9D150BDABE}.Debug|Any CPU.ActiveCfg = Debug|Any CPU
		{A0702AA9-0E7F-4419-8070-3C9D150BDABE}.Debug|Any CPU.Build.0 = Debug|Any CPU
		{A0702AA9-0E7F-4419-8070-3C9D150BDABE}.Release|Any CPU.ActiveCfg = Release|Any CPU
		{A0702AA9-0E7F-4419-8070-3C9D150BDABE}.Release|Any CPU.Build.0 = Release|Any CPU
		{7EF99B78-0E2F-48DB-A50C-56C37ED26300}.Debug|Any CPU.ActiveCfg = Debug|Any CPU
		{7EF99B78-0E2F-48DB-A50C-56C37ED26300}.Debug|Any CPU.Build.0 = Debug|Any CPU
		{7EF99B78-0E2F-48DB-A50C-56C37ED26300}.Release|Any CPU.ActiveCfg = Release|Any CPU
		{7EF99B78-0E2F-48DB-A50C-56C37ED26300}.Release|Any CPU.Build.0 = Release|Any CPU
	EndGlobalSection
	GlobalSection(SolutionProperties) = preSolution
		HideSolutionNode = FALSE
	EndGlobalSection
	GlobalSection(ExtensibilityGlobals) = postSolution
		SolutionGuid = {A17E22A0-0C1F-4FB8-9B29-0647C38CD68C}
	EndGlobalSection
EndGlobal
